
Microsoft Visual Studio Solution File, Format Version 12.00
# Visual Studio 15
VisualStudioVersion = 15.0.26430.13
MinimumVisualStudioVersion = 10.0.40219.1
Project("{FAE04EC0-301F-11D3-BF4B-00C04F79EFBC}") = "DailyBibleReading.Android", "DailyBibleReading\DailyBibleReading.Android\DailyBibleReading.Android.csproj", "{9CBCEDE9-3F97-43B0-BCBF-740102F93D9F}"
EndProject
Project("{FAE04EC0-301F-11D3-BF4B-00C04F79EFBC}") = "DailyBibleReading", "DailyBibleReading\DailyBibleReading\DailyBibleReading.csproj", "{9647DF6B-E5A7-4691-BAD2-FEBFF0E807A4}"
EndProject
Project("{FAE04EC0-301F-11D3-BF4B-00C04F79EFBC}") = "DailyBibleReading.UWP", "DailyBibleReading\DailyBibleReading.UWP\DailyBibleReading.UWP.csproj", "{9B041ED3-E626-4A3F-B2BF-C6F3C5A5B5CE}"
EndProject
Project("{FAE04EC0-301F-11D3-BF4B-00C04F79EFBC}") = "DailyBibleReading.iOS", "DailyBibleReading\DailyBibleReading.iOS\DailyBibleReading.iOS.csproj", "{DB029CD0-FAC4-4318-B696-BCF0593FB974}"
EndProject
Global
	GlobalSection(SolutionConfigurationPlatforms) = preSolution
		Ad-Hoc|Any CPU = Ad-Hoc|Any CPU
		Ad-Hoc|ARM = Ad-Hoc|ARM
		Ad-Hoc|iPhone = Ad-Hoc|iPhone
		Ad-Hoc|iPhoneSimulator = Ad-Hoc|iPhoneSimulator
		Ad-Hoc|x64 = Ad-Hoc|x64
		Ad-Hoc|x86 = Ad-Hoc|x86
		AppStore|Any CPU = AppStore|Any CPU
		AppStore|ARM = AppStore|ARM
		AppStore|iPhone = AppStore|iPhone
		AppStore|iPhoneSimulator = AppStore|iPhoneSimulator
		AppStore|x64 = AppStore|x64
		AppStore|x86 = AppStore|x86
		Debug|Any CPU = Debug|Any CPU
		Debug|ARM = Debug|ARM
		Debug|iPhone = Debug|iPhone
		Debug|iPhoneSimulator = Debug|iPhoneSimulator
		Debug|x64 = Debug|x64
		Debug|x86 = Debug|x86
		Release|Any CPU = Release|Any CPU
		Release|ARM = Release|ARM
		Release|iPhone = Release|iPhone
		Release|iPhoneSimulator = Release|iPhoneSimulator
		Release|x64 = Release|x64
		Release|x86 = Release|x86
	EndGlobalSection
	GlobalSection(ProjectConfigurationPlatforms) = postSolution
		{9CBCEDE9-3F97-43B0-BCBF-740102F93D9F}.Ad-Hoc|Any CPU.ActiveCfg = Release|Any CPU
		{9CBCEDE9-3F97-43B0-BCBF-740102F93D9F}.Ad-Hoc|Any CPU.Build.0 = Release|Any CPU
		{9CBCEDE9-3F97-43B0-BCBF-740102F93D9F}.Ad-Hoc|Any CPU.Deploy.0 = Release|Any CPU
		{9CBCEDE9-3F97-43B0-BCBF-740102F93D9F}.Ad-Hoc|ARM.ActiveCfg = Release|Any CPU
		{9CBCEDE9-3F97-43B0-BCBF-740102F93D9F}.Ad-Hoc|ARM.Build.0 = Release|Any CPU
		{9CBCEDE9-3F97-43B0-BCBF-740102F93D9F}.Ad-Hoc|ARM.Deploy.0 = Release|Any CPU
		{9CBCEDE9-3F97-43B0-BCBF-740102F93D9F}.Ad-Hoc|iPhone.ActiveCfg = Release|Any CPU
		{9CBCEDE9-3F97-43B0-BCBF-740102F93D9F}.Ad-Hoc|iPhone.Build.0 = Release|Any CPU
		{9CBCEDE9-3F97-43B0-BCBF-740102F93D9F}.Ad-Hoc|iPhone.Deploy.0 = Release|Any CPU
		{9CBCEDE9-3F97-43B0-BCBF-740102F93D9F}.Ad-Hoc|iPhoneSimulator.ActiveCfg = Release|Any CPU
		{9CBCEDE9-3F97-43B0-BCBF-740102F93D9F}.Ad-Hoc|iPhoneSimulator.Build.0 = Release|Any CPU
		{9CBCEDE9-3F97-43B0-BCBF-740102F93D9F}.Ad-Hoc|iPhoneSimulator.Deploy.0 = Release|Any CPU
		{9CBCEDE9-3F97-43B0-BCBF-740102F93D9F}.Ad-Hoc|x64.ActiveCfg = Release|Any CPU
		{9CBCEDE9-3F97-43B0-BCBF-740102F93D9F}.Ad-Hoc|x64.Build.0 = Release|Any CPU
		{9CBCEDE9-3F97-43B0-BCBF-740102F93D9F}.Ad-Hoc|x64.Deploy.0 = Release|Any CPU
		{9CBCEDE9-3F97-43B0-BCBF-740102F93D9F}.Ad-Hoc|x86.ActiveCfg = Release|Any CPU
		{9CBCEDE9-3F97-43B0-BCBF-740102F93D9F}.Ad-Hoc|x86.Build.0 = Release|Any CPU
		{9CBCEDE9-3F97-43B0-BCBF-740102F93D9F}.Ad-Hoc|x86.Deploy.0 = Release|Any CPU
		{9CBCEDE9-3F97-43B0-BCBF-740102F93D9F}.AppStore|Any CPU.ActiveCfg = Release|Any CPU
		{9CBCEDE9-3F97-43B0-BCBF-740102F93D9F}.AppStore|Any CPU.Build.0 = Release|Any CPU
		{9CBCEDE9-3F97-43B0-BCBF-740102F93D9F}.AppStore|Any CPU.Deploy.0 = Release|Any CPU
		{9CBCEDE9-3F97-43B0-BCBF-740102F93D9F}.AppStore|ARM.ActiveCfg = Release|Any CPU
		{9CBCEDE9-3F97-43B0-BCBF-740102F93D9F}.AppStore|ARM.Build.0 = Release|Any CPU
		{9CBCEDE9-3F97-43B0-BCBF-740102F93D9F}.AppStore|ARM.Deploy.0 = Release|Any CPU
		{9CBCEDE9-3F97-43B0-BCBF-740102F93D9F}.AppStore|iPhone.ActiveCfg = Release|Any CPU
		{9CBCEDE9-3F97-43B0-BCBF-740102F93D9F}.AppStore|iPhone.Build.0 = Release|Any CPU
		{9CBCEDE9-3F97-43B0-BCBF-740102F93D9F}.AppStore|iPhone.Deploy.0 = Release|Any CPU
		{9CBCEDE9-3F97-43B0-BCBF-740102F93D9F}.AppStore|iPhoneSimulator.ActiveCfg = Release|Any CPU
		{9CBCEDE9-3F97-43B0-BCBF-740102F93D9F}.AppStore|iPhoneSimulator.Build.0 = Release|Any CPU
		{9CBCEDE9-3F97-43B0-BCBF-740102F93D9F}.AppStore|iPhoneSimulator.Deploy.0 = Release|Any CPU
		{9CBCEDE9-3F97-43B0-BCBF-740102F93D9F}.AppStore|x64.ActiveCfg = Release|Any CPU
		{9CBCEDE9-3F97-43B0-BCBF-740102F93D9F}.AppStore|x64.Build.0 = Release|Any CPU
		{9CBCEDE9-3F97-43B0-BCBF-740102F93D9F}.AppStore|x64.Deploy.0 = Release|Any CPU
		{9CBCEDE9-3F97-43B0-BCBF-740102F93D9F}.AppStore|x86.ActiveCfg = Release|Any CPU
		{9CBCEDE9-3F97-43B0-BCBF-740102F93D9F}.AppStore|x86.Build.0 = Release|Any CPU
		{9CBCEDE9-3F97-43B0-BCBF-740102F93D9F}.AppStore|x86.Deploy.0 = Release|Any CPU
		{9CBCEDE9-3F97-43B0-BCBF-740102F93D9F}.Debug|Any CPU.ActiveCfg = Debug|Any CPU
		{9CBCEDE9-3F97-43B0-BCBF-740102F93D9F}.Debug|Any CPU.Build.0 = Debug|Any CPU
		{9CBCEDE9-3F97-43B0-BCBF-740102F93D9F}.Debug|Any CPU.Deploy.0 = Debug|Any CPU
		{9CBCEDE9-3F97-43B0-BCBF-740102F93D9F}.Debug|ARM.ActiveCfg = Debug|Any CPU
		{9CBCEDE9-3F97-43B0-BCBF-740102F93D9F}.Debug|ARM.Build.0 = Debug|Any CPU
		{9CBCEDE9-3F97-43B0-BCBF-740102F93D9F}.Debug|ARM.Deploy.0 = Debug|Any CPU
		{9CBCEDE9-3F97-43B0-BCBF-740102F93D9F}.Debug|iPhone.ActiveCfg = Debug|Any CPU
		{9CBCEDE9-3F97-43B0-BCBF-740102F93D9F}.Debug|iPhone.Build.0 = Debug|Any CPU
		{9CBCEDE9-3F97-43B0-BCBF-740102F93D9F}.Debug|iPhone.Deploy.0 = Debug|Any CPU
		{9CBCEDE9-3F97-43B0-BCBF-740102F93D9F}.Debug|iPhoneSimulator.ActiveCfg = Debug|Any CPU
		{9CBCEDE9-3F97-43B0-BCBF-740102F93D9F}.Debug|iPhoneSimulator.Build.0 = Debug|Any CPU
		{9CBCEDE9-3F97-43B0-BCBF-740102F93D9F}.Debug|iPhoneSimulator.Deploy.0 = Debug|Any CPU
		{9CBCEDE9-3F97-43B0-BCBF-740102F93D9F}.Debug|x64.ActiveCfg = Debug|Any CPU
		{9CBCEDE9-3F97-43B0-BCBF-740102F93D9F}.Debug|x64.Build.0 = Debug|Any CPU
		{9CBCEDE9-3F97-43B0-BCBF-740102F93D9F}.Debug|x64.Deploy.0 = Debug|Any CPU
		{9CBCEDE9-3F97-43B0-BCBF-740102F93D9F}.Debug|x86.ActiveCfg = Debug|Any CPU
		{9CBCEDE9-3F97-43B0-BCBF-740102F93D9F}.Debug|x86.Build.0 = Debug|Any CPU
		{9CBCEDE9-3F97-43B0-BCBF-740102F93D9F}.Debug|x86.Deploy.0 = Debug|Any CPU
		{9CBCEDE9-3F97-43B0-BCBF-740102F93D9F}.Release|Any CPU.ActiveCfg = Release|Any CPU
		{9CBCEDE9-3F97-43B0-BCBF-740102F93D9F}.Release|Any CPU.Build.0 = Release|Any CPU
		{9CBCEDE9-3F97-43B0-BCBF-740102F93D9F}.Release|Any CPU.Deploy.0 = Release|Any CPU
		{9CBCEDE9-3F97-43B0-BCBF-740102F93D9F}.Release|ARM.ActiveCfg = Release|Any CPU
		{9CBCEDE9-3F97-43B0-BCBF-740102F93D9F}.Release|ARM.Build.0 = Release|Any CPU
		{9CBCEDE9-3F97-43B0-BCBF-740102F93D9F}.Release|ARM.Deploy.0 = Release|Any CPU
		{9CBCEDE9-3F97-43B0-BCBF-740102F93D9F}.Release|iPhone.ActiveCfg = Release|Any CPU
		{9CBCEDE9-3F97-43B0-BCBF-740102F93D9F}.Release|iPhone.Build.0 = Release|Any CPU
		{9CBCEDE9-3F97-43B0-BCBF-740102F93D9F}.Release|iPhone.Deploy.0 = Release|Any CPU
		{9CBCEDE9-3F97-43B0-BCBF-740102F93D9F}.Release|iPhoneSimulator.ActiveCfg = Release|Any CPU
		{9CBCEDE9-3F97-43B0-BCBF-740102F93D9F}.Release|iPhoneSimulator.Build.0 = Release|Any CPU
		{9CBCEDE9-3F97-43B0-BCBF-740102F93D9F}.Release|iPhoneSimulator.Deploy.0 = Release|Any CPU
		{9CBCEDE9-3F97-43B0-BCBF-740102F93D9F}.Release|x64.ActiveCfg = Release|Any CPU
		{9CBCEDE9-3F97-43B0-BCBF-740102F93D9F}.Release|x64.Build.0 = Release|Any CPU
		{9CBCEDE9-3F97-43B0-BCBF-740102F93D9F}.Release|x64.Deploy.0 = Release|Any CPU
		{9CBCEDE9-3F97-43B0-BCBF-740102F93D9F}.Release|x86.ActiveCfg = Release|Any CPU
		{9CBCEDE9-3F97-43B0-BCBF-740102F93D9F}.Release|x86.Build.0 = Release|Any CPU
		{9CBCEDE9-3F97-43B0-BCBF-740102F93D9F}.Release|x86.Deploy.0 = Release|Any CPU
		{9647DF6B-E5A7-4691-BAD2-FEBFF0E807A4}.Ad-Hoc|Any CPU.ActiveCfg = Release|Any CPU
		{9647DF6B-E5A7-4691-BAD2-FEBFF0E807A4}.Ad-Hoc|Any CPU.Build.0 = Release|Any CPU
		{9647DF6B-E5A7-4691-BAD2-FEBFF0E807A4}.Ad-Hoc|ARM.ActiveCfg = Release|Any CPU
		{9647DF6B-E5A7-4691-BAD2-FEBFF0E807A4}.Ad-Hoc|ARM.Build.0 = Release|Any CPU
		{9647DF6B-E5A7-4691-BAD2-FEBFF0E807A4}.Ad-Hoc|iPhone.ActiveCfg = Release|Any CPU
		{9647DF6B-E5A7-4691-BAD2-FEBFF0E807A4}.Ad-Hoc|iPhone.Build.0 = Release|Any CPU
		{9647DF6B-E5A7-4691-BAD2-FEBFF0E807A4}.Ad-Hoc|iPhoneSimulator.ActiveCfg = Release|Any CPU
		{9647DF6B-E5A7-4691-BAD2-FEBFF0E807A4}.Ad-Hoc|iPhoneSimulator.Build.0 = Release|Any CPU
		{9647DF6B-E5A7-4691-BAD2-FEBFF0E807A4}.Ad-Hoc|x64.ActiveCfg = Release|Any CPU
		{9647DF6B-E5A7-4691-BAD2-FEBFF0E807A4}.Ad-Hoc|x64.Build.0 = Release|Any CPU
		{9647DF6B-E5A7-4691-BAD2-FEBFF0E807A4}.Ad-Hoc|x86.ActiveCfg = Release|Any CPU
		{9647DF6B-E5A7-4691-BAD2-FEBFF0E807A4}.Ad-Hoc|x86.Build.0 = Release|Any CPU
		{9647DF6B-E5A7-4691-BAD2-FEBFF0E807A4}.AppStore|Any CPU.ActiveCfg = Release|Any CPU
		{9647DF6B-E5A7-4691-BAD2-FEBFF0E807A4}.AppStore|Any CPU.Build.0 = Release|Any CPU
		{9647DF6B-E5A7-4691-BAD2-FEBFF0E807A4}.AppStore|ARM.ActiveCfg = Release|Any CPU
		{9647DF6B-E5A7-4691-BAD2-FEBFF0E807A4}.AppStore|ARM.Build.0 = Release|Any CPU
		{9647DF6B-E5A7-4691-BAD2-FEBFF0E807A4}.AppStore|iPhone.ActiveCfg = Release|Any CPU
		{9647DF6B-E5A7-4691-BAD2-FEBFF0E807A4}.AppStore|iPhone.Build.0 = Release|Any CPU
		{9647DF6B-E5A7-4691-BAD2-FEBFF0E807A4}.AppStore|iPhoneSimulator.ActiveCfg = Release|Any CPU
		{9647DF6B-E5A7-4691-BAD2-FEBFF0E807A4}.AppStore|iPhoneSimulator.Build.0 = Release|Any CPU
		{9647DF6B-E5A7-4691-BAD2-FEBFF0E807A4}.AppStore|x64.ActiveCfg = Release|Any CPU
		{9647DF6B-E5A7-4691-BAD2-FEBFF0E807A4}.AppStore|x64.Build.0 = Release|Any CPU
		{9647DF6B-E5A7-4691-BAD2-FEBFF0E807A4}.AppStore|x86.ActiveCfg = Release|Any CPU
		{9647DF6B-E5A7-4691-BAD2-FEBFF0E807A4}.AppStore|x86.Build.0 = Release|Any CPU
		{9647DF6B-E5A7-4691-BAD2-FEBFF0E807A4}.Debug|Any CPU.ActiveCfg = Debug|Any CPU
		{9647DF6B-E5A7-4691-BAD2-FEBFF0E807A4}.Debug|Any CPU.Build.0 = Debug|Any CPU
		{9647DF6B-E5A7-4691-BAD2-FEBFF0E807A4}.Debug|ARM.ActiveCfg = Debug|Any CPU
		{9647DF6B-E5A7-4691-BAD2-FEBFF0E807A4}.Debug|ARM.Build.0 = Debug|Any CPU
		{9647DF6B-E5A7-4691-BAD2-FEBFF0E807A4}.Debug|iPhone.ActiveCfg = Debug|Any CPU
		{9647DF6B-E5A7-4691-BAD2-FEBFF0E807A4}.Debug|iPhone.Build.0 = Debug|Any CPU
		{9647DF6B-E5A7-4691-BAD2-FEBFF0E807A4}.Debug|iPhoneSimulator.ActiveCfg = Debug|Any CPU
		{9647DF6B-E5A7-4691-BAD2-FEBFF0E807A4}.Debug|iPhoneSimulator.Build.0 = Debug|Any CPU
		{9647DF6B-E5A7-4691-BAD2-FEBFF0E807A4}.Debug|x64.ActiveCfg = Debug|Any CPU
		{9647DF6B-E5A7-4691-BAD2-FEBFF0E807A4}.Debug|x64.Build.0 = Debug|Any CPU
		{9647DF6B-E5A7-4691-BAD2-FEBFF0E807A4}.Debug|x86.ActiveCfg = Debug|Any CPU
		{9647DF6B-E5A7-4691-BAD2-FEBFF0E807A4}.Debug|x86.Build.0 = Debug|Any CPU
		{9647DF6B-E5A7-4691-BAD2-FEBFF0E807A4}.Release|Any CPU.ActiveCfg = Release|Any CPU
		{9647DF6B-E5A7-4691-BAD2-FEBFF0E807A4}.Release|Any CPU.Build.0 = Release|Any CPU
		{9647DF6B-E5A7-4691-BAD2-FEBFF0E807A4}.Release|ARM.ActiveCfg = Release|Any CPU
		{9647DF6B-E5A7-4691-BAD2-FEBFF0E807A4}.Release|ARM.Build.0 = Release|Any CPU
		{9647DF6B-E5A7-4691-BAD2-FEBFF0E807A4}.Release|iPhone.ActiveCfg = Release|Any CPU
		{9647DF6B-E5A7-4691-BAD2-FEBFF0E807A4}.Release|iPhone.Build.0 = Release|Any CPU
		{9647DF6B-E5A7-4691-BAD2-FEBFF0E807A4}.Release|iPhoneSimulator.ActiveCfg = Release|Any CPU
		{9647DF6B-E5A7-4691-BAD2-FEBFF0E807A4}.Release|iPhoneSimulator.Build.0 = Release|Any CPU
		{9647DF6B-E5A7-4691-BAD2-FEBFF0E807A4}.Release|x64.ActiveCfg = Release|Any CPU
		{9647DF6B-E5A7-4691-BAD2-FEBFF0E807A4}.Release|x64.Build.0 = Release|Any CPU
		{9647DF6B-E5A7-4691-BAD2-FEBFF0E807A4}.Release|x86.ActiveCfg = Release|Any CPU
		{9647DF6B-E5A7-4691-BAD2-FEBFF0E807A4}.Release|x86.Build.0 = Release|Any CPU
		{9B041ED3-E626-4A3F-B2BF-C6F3C5A5B5CE}.Ad-Hoc|Any CPU.ActiveCfg = Release|x86
		{9B041ED3-E626-4A3F-B2BF-C6F3C5A5B5CE}.Ad-Hoc|Any CPU.Build.0 = Release|x86
		{9B041ED3-E626-4A3F-B2BF-C6F3C5A5B5CE}.Ad-Hoc|Any CPU.Deploy.0 = Release|x86
		{9B041ED3-E626-4A3F-B2BF-C6F3C5A5B5CE}.Ad-Hoc|ARM.ActiveCfg = Release|ARM
		{9B041ED3-E626-4A3F-B2BF-C6F3C5A5B5CE}.Ad-Hoc|ARM.Build.0 = Release|ARM
		{9B041ED3-E626-4A3F-B2BF-C6F3C5A5B5CE}.Ad-Hoc|ARM.Deploy.0 = Release|ARM
		{9B041ED3-E626-4A3F-B2BF-C6F3C5A5B5CE}.Ad-Hoc|iPhone.ActiveCfg = Release|x86
		{9B041ED3-E626-4A3F-B2BF-C6F3C5A5B5CE}.Ad-Hoc|iPhone.Build.0 = Release|x86
		{9B041ED3-E626-4A3F-B2BF-C6F3C5A5B5CE}.Ad-Hoc|iPhone.Deploy.0 = Release|x86
		{9B041ED3-E626-4A3F-B2BF-C6F3C5A5B5CE}.Ad-Hoc|iPhoneSimulator.ActiveCfg = Release|x86
		{9B041ED3-E626-4A3F-B2BF-C6F3C5A5B5CE}.Ad-Hoc|iPhoneSimulator.Build.0 = Release|x86
		{9B041ED3-E626-4A3F-B2BF-C6F3C5A5B5CE}.Ad-Hoc|iPhoneSimulator.Deploy.0 = Release|x86
		{9B041ED3-E626-4A3F-B2BF-C6F3C5A5B5CE}.Ad-Hoc|x64.ActiveCfg = Release|x64
		{9B041ED3-E626-4A3F-B2BF-C6F3C5A5B5CE}.Ad-Hoc|x64.Build.0 = Release|x64
		{9B041ED3-E626-4A3F-B2BF-C6F3C5A5B5CE}.Ad-Hoc|x64.Deploy.0 = Release|x64
		{9B041ED3-E626-4A3F-B2BF-C6F3C5A5B5CE}.Ad-Hoc|x86.ActiveCfg = Release|x86
		{9B041ED3-E626-4A3F-B2BF-C6F3C5A5B5CE}.Ad-Hoc|x86.Build.0 = Release|x86
		{9B041ED3-E626-4A3F-B2BF-C6F3C5A5B5CE}.Ad-Hoc|x86.Deploy.0 = Release|x86
		{9B041ED3-E626-4A3F-B2BF-C6F3C5A5B5CE}.AppStore|Any CPU.ActiveCfg = Release|x86
		{9B041ED3-E626-4A3F-B2BF-C6F3C5A5B5CE}.AppStore|Any CPU.Build.0 = Release|x86
		{9B041ED3-E626-4A3F-B2BF-C6F3C5A5B5CE}.AppStore|Any CPU.Deploy.0 = Release|x86
		{9B041ED3-E626-4A3F-B2BF-C6F3C5A5B5CE}.AppStore|ARM.ActiveCfg = Release|ARM
		{9B041ED3-E626-4A3F-B2BF-C6F3C5A5B5CE}.AppStore|ARM.Build.0 = Release|ARM
		{9B041ED3-E626-4A3F-B2BF-C6F3C5A5B5CE}.AppStore|ARM.Deploy.0 = Release|ARM
		{9B041ED3-E626-4A3F-B2BF-C6F3C5A5B5CE}.AppStore|iPhone.ActiveCfg = Release|x86
		{9B041ED3-E626-4A3F-B2BF-C6F3C5A5B5CE}.AppStore|iPhone.Build.0 = Release|x86
		{9B041ED3-E626-4A3F-B2BF-C6F3C5A5B5CE}.AppStore|iPhone.Deploy.0 = Release|x86
		{9B041ED3-E626-4A3F-B2BF-C6F3C5A5B5CE}.AppStore|iPhoneSimulator.ActiveCfg = Release|x86
		{9B041ED3-E626-4A3F-B2BF-C6F3C5A5B5CE}.AppStore|iPhoneSimulator.Build.0 = Release|x86
		{9B041ED3-E626-4A3F-B2BF-C6F3C5A5B5CE}.AppStore|iPhoneSimulator.Deploy.0 = Release|x86
		{9B041ED3-E626-4A3F-B2BF-C6F3C5A5B5CE}.AppStore|x64.ActiveCfg = Release|x64
		{9B041ED3-E626-4A3F-B2BF-C6F3C5A5B5CE}.AppStore|x64.Build.0 = Release|x64
		{9B041ED3-E626-4A3F-B2BF-C6F3C5A5B5CE}.AppStore|x64.Deploy.0 = Release|x64
		{9B041ED3-E626-4A3F-B2BF-C6F3C5A5B5CE}.AppStore|x86.ActiveCfg = Release|x86
		{9B041ED3-E626-4A3F-B2BF-C6F3C5A5B5CE}.AppStore|x86.Build.0 = Release|x86
		{9B041ED3-E626-4A3F-B2BF-C6F3C5A5B5CE}.AppStore|x86.Deploy.0 = Release|x86
		{9B041ED3-E626-4A3F-B2BF-C6F3C5A5B5CE}.Debug|Any CPU.ActiveCfg = Debug|x86
		{9B041ED3-E626-4A3F-B2BF-C6F3C5A5B5CE}.Debug|Any CPU.Build.0 = Debug|x86
		{9B041ED3-E626-4A3F-B2BF-C6F3C5A5B5CE}.Debug|Any CPU.Deploy.0 = Debug|x86
		{9B041ED3-E626-4A3F-B2BF-C6F3C5A5B5CE}.Debug|ARM.ActiveCfg = Debug|ARM
		{9B041ED3-E626-4A3F-B2BF-C6F3C5A5B5CE}.Debug|ARM.Build.0 = Debug|ARM
		{9B041ED3-E626-4A3F-B2BF-C6F3C5A5B5CE}.Debug|ARM.Deploy.0 = Debug|ARM
		{9B041ED3-E626-4A3F-B2BF-C6F3C5A5B5CE}.Debug|iPhone.ActiveCfg = Debug|x86
		{9B041ED3-E626-4A3F-B2BF-C6F3C5A5B5CE}.Debug|iPhoneSimulator.ActiveCfg = Debug|x86
		{9B041ED3-E626-4A3F-B2BF-C6F3C5A5B5CE}.Debug|x64.ActiveCfg = Debug|x64
		{9B041ED3-E626-4A3F-B2BF-C6F3C5A5B5CE}.Debug|x64.Build.0 = Debug|x64
		{9B041ED3-E626-4A3F-B2BF-C6F3C5A5B5CE}.Debug|x64.Deploy.0 = Debug|x64
		{9B041ED3-E626-4A3F-B2BF-C6F3C5A5B5CE}.Debug|x86.ActiveCfg = Debug|x86
		{9B041ED3-E626-4A3F-B2BF-C6F3C5A5B5CE}.Debug|x86.Build.0 = Debug|x86
		{9B041ED3-E626-4A3F-B2BF-C6F3C5A5B5CE}.Debug|x86.Deploy.0 = Debug|x86
		{9B041ED3-E626-4A3F-B2BF-C6F3C5A5B5CE}.Release|Any CPU.ActiveCfg = Release|x86
		{9B041ED3-E626-4A3F-B2BF-C6F3C5A5B5CE}.Release|ARM.ActiveCfg = Release|ARM
		{9B041ED3-E626-4A3F-B2BF-C6F3C5A5B5CE}.Release|ARM.Build.0 = Release|ARM
		{9B041ED3-E626-4A3F-B2BF-C6F3C5A5B5CE}.Release|ARM.Deploy.0 = Release|ARM
		{9B041ED3-E626-4A3F-B2BF-C6F3C5A5B5CE}.Release|iPhone.ActiveCfg = Release|x86
		{9B041ED3-E626-4A3F-B2BF-C6F3C5A5B5CE}.Release|iPhoneSimulator.ActiveCfg = Release|x86
		{9B041ED3-E626-4A3F-B2BF-C6F3C5A5B5CE}.Release|x64.ActiveCfg = Release|x64
		{9B041ED3-E626-4A3F-B2BF-C6F3C5A5B5CE}.Release|x64.Build.0 = Release|x64
		{9B041ED3-E626-4A3F-B2BF-C6F3C5A5B5CE}.Release|x64.Deploy.0 = Release|x64
		{9B041ED3-E626-4A3F-B2BF-C6F3C5A5B5CE}.Release|x86.ActiveCfg = Release|x86
		{9B041ED3-E626-4A3F-B2BF-C6F3C5A5B5CE}.Release|x86.Build.0 = Release|x86
		{9B041ED3-E626-4A3F-B2BF-C6F3C5A5B5CE}.Release|x86.Deploy.0 = Release|x86
		{DB029CD0-FAC4-4318-B696-BCF0593FB974}.Ad-Hoc|Any CPU.ActiveCfg = Ad-Hoc|iPhone
		{DB029CD0-FAC4-4318-B696-BCF0593FB974}.Ad-Hoc|ARM.ActiveCfg = Ad-Hoc|iPhone
		{DB029CD0-FAC4-4318-B696-BCF0593FB974}.Ad-Hoc|iPhone.ActiveCfg = Ad-Hoc|iPhone
		{DB029CD0-FAC4-4318-B696-BCF0593FB974}.Ad-Hoc|iPhone.Build.0 = Ad-Hoc|iPhone
		{DB029CD0-FAC4-4318-B696-BCF0593FB974}.Ad-Hoc|iPhoneSimulator.ActiveCfg = Ad-Hoc|iPhoneSimulator
		{DB029CD0-FAC4-4318-B696-BCF0593FB974}.Ad-Hoc|iPhoneSimulator.Build.0 = Ad-Hoc|iPhoneSimulator
		{DB029CD0-FAC4-4318-B696-BCF0593FB974}.Ad-Hoc|x64.ActiveCfg = Ad-Hoc|iPhone
		{DB029CD0-FAC4-4318-B696-BCF0593FB974}.Ad-Hoc|x86.ActiveCfg = Ad-Hoc|iPhone
		{DB029CD0-FAC4-4318-B696-BCF0593FB974}.AppStore|Any CPU.ActiveCfg = AppStore|iPhone
		{DB029CD0-FAC4-4318-B696-BCF0593FB974}.AppStore|ARM.ActiveCfg = AppStore|iPhone
		{DB029CD0-FAC4-4318-B696-BCF0593FB974}.AppStore|iPhone.ActiveCfg = AppStore|iPhone
		{DB029CD0-FAC4-4318-B696-BCF0593FB974}.AppStore|iPhone.Build.0 = AppStore|iPhone
		{DB029CD0-FAC4-4318-B696-BCF0593FB974}.AppStore|iPhoneSimulator.ActiveCfg = AppStore|iPhoneSimulator
		{DB029CD0-FAC4-4318-B696-BCF0593FB974}.AppStore|iPhoneSimulator.Build.0 = AppStore|iPhoneSimulator
		{DB029CD0-FAC4-4318-B696-BCF0593FB974}.AppStore|x64.ActiveCfg = AppStore|iPhone
		{DB029CD0-FAC4-4318-B696-BCF0593FB974}.AppStore|x86.ActiveCfg = AppStore|iPhone
		{DB029CD0-FAC4-4318-B696-BCF0593FB974}.Debug|Any CPU.ActiveCfg = Debug|iPhone
		{DB029CD0-FAC4-4318-B696-BCF0593FB974}.Debug|Any CPU.Build.0 = Debug|iPhone
		{DB029CD0-FAC4-4318-B696-BCF0593FB974}.Debug|ARM.ActiveCfg = Debug|iPhone
		{DB029CD0-FAC4-4318-B696-BCF0593FB974}.Debug|iPhone.ActiveCfg = Debug|iPhone
		{DB029CD0-FAC4-4318-B696-BCF0593FB974}.Debug|iPhone.Build.0 = Debug|iPhone
		{DB029CD0-FAC4-4318-B696-BCF0593FB974}.Debug|iPhoneSimulator.ActiveCfg = Debug|iPhoneSimulator
		{DB029CD0-FAC4-4318-B696-BCF0593FB974}.Debug|iPhoneSimulator.Build.0 = Debug|iPhoneSimulator
		{DB029CD0-FAC4-4318-B696-BCF0593FB974}.Debug|x64.ActiveCfg = Debug|iPhone
		{DB029CD0-FAC4-4318-B696-BCF0593FB974}.Debug|x86.ActiveCfg = Debug|iPhone
		{DB029CD0-FAC4-4318-B696-BCF0593FB974}.Release|Any CPU.ActiveCfg = Release|iPhone
		{DB029CD0-FAC4-4318-B696-BCF0593FB974}.Release|ARM.ActiveCfg = Release|iPhone
		{DB029CD0-FAC4-4318-B696-BCF0593FB974}.Release|iPhone.ActiveCfg = Release|iPhone
		{DB029CD0-FAC4-4318-B696-BCF0593FB974}.Release|iPhone.Build.0 = Release|iPhone
		{DB029CD0-FAC4-4318-B696-BCF0593FB974}.Release|iPhoneSimulator.ActiveCfg = Release|iPhoneSimulator
		{DB029CD0-FAC4-4318-B696-BCF0593FB974}.Release|iPhoneSimulator.Build.0 = Release|iPhoneSimulator
		{DB029CD0-FAC4-4318-B696-BCF0593FB974}.Release|x64.ActiveCfg = Release|iPhone
		{DB029CD0-FAC4-4318-B696-BCF0593FB974}.Release|x86.ActiveCfg = Release|iPhone
	EndGlobalSection
	GlobalSection(SolutionProperties) = preSolution
		HideSolutionNode = FALSE
	EndGlobalSection
EndGlobal
